
Microsoft Visual Studio Solution File, Format Version 12.00
# Visual Studio Version 17
VisualStudioVersion = 17.7.34018.315
MinimumVisualStudioVersion = 10.0.40219.1
Project("{9A19103F-16F7-4668-BE54-9A1E7A4F7556}") = "MagicVilla_VillaAPI", "MagicVilla_VillaAPI\MagicVilla_VillaAPI.csproj", "{A71C3579-E710-46DD-B72C-29344666214A}"
EndProject
Project("{54A90642-561A-4BB1-A94E-469ADEE60C69}") = "magicvilla_villaweb", "MagicVilla_VillaWEB\magicvilla_villaweb.esproj", "{39BA395D-4E75-4ED5-A11B-7FDA9DDE5B4F}"
EndProject
Global
	GlobalSection(SolutionConfigurationPlatforms) = preSolution
		Debug|Any CPU = Debug|Any CPU
		Release|Any CPU = Release|Any CPU
	EndGlobalSection
	GlobalSection(ProjectConfigurationPlatforms) = postSolution
		{A71C3579-E710-46DD-B72C-29344666214A}.Debug|Any CPU.ActiveCfg = Debug|Any CPU
		{A71C3579-E710-46DD-B72C-29344666214A}.Debug|Any CPU.Build.0 = Debug|Any CPU
		{A71C3579-E710-46DD-B72C-29344666214A}.Release|Any CPU.ActiveCfg = Release|Any CPU
		{A71C3579-E710-46DD-B72C-29344666214A}.Release|Any CPU.Build.0 = Release|Any CPU
		{39BA395D-4E75-4ED5-A11B-7FDA9DDE5B4F}.Debug|Any CPU.ActiveCfg = Debug|Any CPU
		{39BA395D-4E75-4ED5-A11B-7FDA9DDE5B4F}.Debug|Any CPU.Build.0 = Debug|Any CPU
		{39BA395D-4E75-4ED5-A11B-7FDA9DDE5B4F}.Debug|Any CPU.Deploy.0 = Debug|Any CPU
		{39BA395D-4E75-4ED5-A11B-7FDA9DDE5B4F}.Release|Any CPU.ActiveCfg = Release|Any CPU
		{39BA395D-4E75-4ED5-A11B-7FDA9DDE5B4F}.Release|Any CPU.Build.0 = Release|Any CPU
		{39BA395D-4E75-4ED5-A11B-7FDA9DDE5B4F}.Release|Any CPU.Deploy.0 = Release|Any CPU
	EndGlobalSection
	GlobalSection(SolutionProperties) = preSolution
		HideSolutionNode = FALSE
	EndGlobalSection
	GlobalSection(ExtensibilityGlobals) = postSolution
		SolutionGuid = {2387FB3E-9D91-4C04-9E7D-F66DD108AE1A}
	EndGlobalSection
EndGlobal
